// !$*UTF8*$!
{
	archiveVersion = 1;
	classes = {
	};
	objectVersion = 46;
	objects = {

/* Begin PBXBuildFile section */
		AB6434031DD86900006B1BE6 /* AppDelegate.swift in Sources */ = {isa = PBXBuildFile; fileRef = AB6434021DD86900006B1BE6 /* AppDelegate.swift */; };
		AB64340A1DD86900006B1BE6 /* Assets.xcassets in Resources */ = {isa = PBXBuildFile; fileRef = AB6434091DD86900006B1BE6 /* Assets.xcassets */; };
		ABF5613B1DD9774100A5ED98 /* WXDiscoverController.swift in Sources */ = {isa = PBXBuildFile; fileRef = ABF5612E1DD9774100A5ED98 /* WXDiscoverController.swift */; };
		ABF5613C1DD9774100A5ED98 /* WXFriendsController.swift in Sources */ = {isa = PBXBuildFile; fileRef = ABF561301DD9774100A5ED98 /* WXFriendsController.swift */; };
		ABF5613D1DD9774100A5ED98 /* WXMessageController.swift in Sources */ = {isa = PBXBuildFile; fileRef = ABF561321DD9774100A5ED98 /* WXMessageController.swift */; };
		ABF5613E1DD9774100A5ED98 /* WXBaseViewController.swift in Sources */ = {isa = PBXBuildFile; fileRef = ABF561341DD9774100A5ED98 /* WXBaseViewController.swift */; };
		ABF5613F1DD9774100A5ED98 /* WXMainViewController.swift in Sources */ = {isa = PBXBuildFile; fileRef = ABF561351DD9774100A5ED98 /* WXMainViewController.swift */; };
		ABF561401DD9774100A5ED98 /* WXNavigationController.swift in Sources */ = {isa = PBXBuildFile; fileRef = ABF561361DD9774100A5ED98 /* WXNavigationController.swift */; };
		ABF561411DD9774100A5ED98 /* WXDomeController.swift in Sources */ = {isa = PBXBuildFile; fileRef = ABF561381DD9774100A5ED98 /* WXDomeController.swift */; };
		ABF561421DD9774100A5ED98 /* WXProfileController.swift in Sources */ = {isa = PBXBuildFile; fileRef = ABF5613A1DD9774100A5ED98 /* WXProfileController.swift */; };
		ABF561451DD9775B00A5ED98 /* Info.plist in Resources */ = {isa = PBXBuildFile; fileRef = ABF561441DD9775B00A5ED98 /* Info.plist */; };
/* End PBXBuildFile section */

/* Begin PBXFileReference section */
		AB6433FF1DD86900006B1BE6 /* wechat.app */ = {isa = PBXFileReference; explicitFileType = wrapper.application; includeInIndex = 0; path = wechat.app; sourceTree = BUILT_PRODUCTS_DIR; };
		AB6434021DD86900006B1BE6 /* AppDelegate.swift */ = {isa = PBXFileReference; lastKnownFileType = sourcecode.swift; path = AppDelegate.swift; sourceTree = "<group>"; };
		AB6434091DD86900006B1BE6 /* Assets.xcassets */ = {isa = PBXFileReference; lastKnownFileType = folder.assetcatalog; path = Assets.xcassets; sourceTree = "<group>"; };
		ABF5612E1DD9774100A5ED98 /* WXDiscoverController.swift */ = {isa = PBXFileReference; fileEncoding = 4; lastKnownFileType = sourcecode.swift; path = WXDiscoverController.swift; sourceTree = "<group>"; };
		ABF561301DD9774100A5ED98 /* WXFriendsController.swift */ = {isa = PBXFileReference; fileEncoding = 4; lastKnownFileType = sourcecode.swift; path = WXFriendsController.swift; sourceTree = "<group>"; };
		ABF561321DD9774100A5ED98 /* WXMessageController.swift */ = {isa = PBXFileReference; fileEncoding = 4; lastKnownFileType = sourcecode.swift; path = WXMessageController.swift; sourceTree = "<group>"; };
		ABF561341DD9774100A5ED98 /* WXBaseViewController.swift */ = {isa = PBXFileReference; fileEncoding = 4; lastKnownFileType = sourcecode.swift; path = WXBaseViewController.swift; sourceTree = "<group>"; };
		ABF561351DD9774100A5ED98 /* WXMainViewController.swift */ = {isa = PBXFileReference; fileEncoding = 4; lastKnownFileType = sourcecode.swift; path = WXMainViewController.swift; sourceTree = "<group>"; };
		ABF561361DD9774100A5ED98 /* WXNavigationController.swift */ = {isa = PBXFileReference; fileEncoding = 4; lastKnownFileType = sourcecode.swift; path = WXNavigationController.swift; sourceTree = "<group>"; };
		ABF561381DD9774100A5ED98 /* WXDomeController.swift */ = {isa = PBXFileReference; fileEncoding = 4; lastKnownFileType = sourcecode.swift; path = WXDomeController.swift; sourceTree = "<group>"; };
		ABF5613A1DD9774100A5ED98 /* WXProfileController.swift */ = {isa = PBXFileReference; fileEncoding = 4; lastKnownFileType = sourcecode.swift; path = WXProfileController.swift; sourceTree = "<group>"; };
		ABF561441DD9775B00A5ED98 /* Info.plist */ = {isa = PBXFileReference; fileEncoding = 4; lastKnownFileType = text.plist.xml; path = Info.plist; sourceTree = "<group>"; };
/* End PBXFileReference section */

/* Begin PBXFrameworksBuildPhase section */
		AB6433FC1DD86900006B1BE6 /* Frameworks */ = {
			isa = PBXFrameworksBuildPhase;
			buildActionMask = 2147483647;
			files = (
			);
			runOnlyForDeploymentPostprocessing = 0;
		};
/* End PBXFrameworksBuildPhase section */

/* Begin PBXGroup section */
		AB6433F61DD86900006B1BE6 = {
			isa = PBXGroup;
			children = (
				AB6434011DD86900006B1BE6 /* wechat */,
				AB6434001DD86900006B1BE6 /* Products */,
			);
			sourceTree = "<group>";
		};
		AB6434001DD86900006B1BE6 /* Products */ = {
			isa = PBXGroup;
			children = (
				AB6433FF1DD86900006B1BE6 /* wechat.app */,
			);
			name = Products;
			sourceTree = "<group>";
		};
		AB6434011DD86900006B1BE6 /* wechat */ = {
			isa = PBXGroup;
			children = (
				ABF5612B1DD9774100A5ED98 /* Classes */,
				ABF561431DD9775B00A5ED98 /* Supporting Files */,
				AB6434091DD86900006B1BE6 /* Assets.xcassets */,
				AB6434021DD86900006B1BE6 /* AppDelegate.swift */,
			);
			path = wechat;
			sourceTree = "<group>";
		};
		ABF5612B1DD9774100A5ED98 /* Classes */ = {
			isa = PBXGroup;
			children = (
				ABF5612C1DD9774100A5ED98 /* Views(试图控制器) */,
			);
			path = Classes;
			sourceTree = "<group>";
		};
		ABF5612C1DD9774100A5ED98 /* Views(试图控制器) */ = {
			isa = PBXGroup;
			children = (
				ABF561331DD9774100A5ED98 /* Mian */,
				ABF561311DD9774100A5ED98 /* Message(首页) */,
				ABF5612F1DD9774100A5ED98 /* Friends(通讯录) */,
				ABF5612D1DD9774100A5ED98 /* DIscover(发现) */,
				ABF561391DD9774100A5ED98 /* Proflie(我) */,
			);
			path = "Views(试图控制器)";
			sourceTree = "<group>";
		};
		ABF5612D1DD9774100A5ED98 /* DIscover(发现) */ = {
			isa = PBXGroup;
			children = (
				ABF5612E1DD9774100A5ED98 /* WXDiscoverController.swift */,
			);
			path = "DIscover(发现)";
			sourceTree = "<group>";
		};
		ABF5612F1DD9774100A5ED98 /* Friends(通讯录) */ = {
			isa = PBXGroup;
			children = (
				ABF561301DD9774100A5ED98 /* WXFriendsController.swift */,
			);
			path = "Friends(通讯录)";
			sourceTree = "<group>";
		};
		ABF561311DD9774100A5ED98 /* Message(首页) */ = {
			isa = PBXGroup;
			children = (
				ABF561321DD9774100A5ED98 /* WXMessageController.swift */,
			);
			path = "Message(首页)";
			sourceTree = "<group>";
		};
		ABF561331DD9774100A5ED98 /* Mian */ = {
			isa = PBXGroup;
			children = (
				ABF561371DD9774100A5ED98 /* 测试 */,
				ABF561341DD9774100A5ED98 /* WXBaseViewController.swift */,
				ABF561351DD9774100A5ED98 /* WXMainViewController.swift */,
				ABF561361DD9774100A5ED98 /* WXNavigationController.swift */,
			);
			path = Mian;
			sourceTree = "<group>";
		};
		ABF561371DD9774100A5ED98 /* 测试 */ = {
			isa = PBXGroup;
			children = (
				ABF561381DD9774100A5ED98 /* WXDomeController.swift */,
			);
			path = "测试";
			sourceTree = "<group>";
		};
		ABF561391DD9774100A5ED98 /* Proflie(我) */ = {
			isa = PBXGroup;
			children = (
				ABF5613A1DD9774100A5ED98 /* WXProfileController.swift */,
			);
			path = "Proflie(我)";
			sourceTree = "<group>";
		};
		ABF561431DD9775B00A5ED98 /* Supporting Files */ = {
			isa = PBXGroup;
			children = (
				ABF561441DD9775B00A5ED98 /* Info.plist */,
			);
			path = "Supporting Files";
			sourceTree = "<group>";
		};
/* End PBXGroup section */

/* Begin PBXNativeTarget section */
		AB6433FE1DD86900006B1BE6 /* wechat */ = {
			isa = PBXNativeTarget;
			buildConfigurationList = AB6434111DD86900006B1BE6 /* Build configuration list for PBXNativeTarget "wechat" */;
			buildPhases = (
				AB6433FB1DD86900006B1BE6 /* Sources */,
				AB6433FC1DD86900006B1BE6 /* Frameworks */,
				AB6433FD1DD86900006B1BE6 /* Resources */,
			);
			buildRules = (
			);
			dependencies = (
			);
			name = wechat;
			productName = wecat;
			productReference = AB6433FF1DD86900006B1BE6 /* wechat.app */;
			productType = "com.apple.product-type.application";
		};
/* End PBXNativeTarget section */

/* Begin PBXProject section */
		AB6433F71DD86900006B1BE6 /* Project object */ = {
			isa = PBXProject;
			attributes = {
				CLASSPREFIX = WX;
				LastSwiftUpdateCheck = 0800;
				LastUpgradeCheck = 0800;
				ORGANIZATIONNAME = Ashley;
				TargetAttributes = {
					AB6433FE1DD86900006B1BE6 = {
						CreatedOnToolsVersion = 8.0;
						DevelopmentTeam = D238R8TN8Z;
						ProvisioningStyle = Automatic;
					};
				};
			};
			buildConfigurationList = AB6433FA1DD86900006B1BE6 /* Build configuration list for PBXProject "wechat" */;
			compatibilityVersion = "Xcode 3.2";
			developmentRegion = English;
			hasScannedForEncodings = 0;
			knownRegions = (
				en,
				Base,
			);
			mainGroup = AB6433F61DD86900006B1BE6;
			productRefGroup = AB6434001DD86900006B1BE6 /* Products */;
			projectDirPath = "";
			projectRoot = "";
			targets = (
				AB6433FE1DD86900006B1BE6 /* wechat */,
			);
		};
/* End PBXProject section */

/* Begin PBXResourcesBuildPhase section */
		AB6433FD1DD86900006B1BE6 /* Resources */ = {
			isa = PBXResourcesBuildPhase;
			buildActionMask = 2147483647;
			files = (
				ABF561451DD9775B00A5ED98 /* Info.plist in Resources */,
				AB64340A1DD86900006B1BE6 /* Assets.xcassets in Resources */,
			);
			runOnlyForDeploymentPostprocessing = 0;
		};
/* End PBXResourcesBuildPhase section */

/* Begin PBXSourcesBuildPhase section */
		AB6433FB1DD86900006B1BE6 /* Sources */ = {
			isa = PBXSourcesBuildPhase;
			buildActionMask = 2147483647;
			files = (
				ABF5613D1DD9774100A5ED98 /* WXMessageController.swift in Sources */,
				ABF5613B1DD9774100A5ED98 /* WXDiscoverController.swift in Sources */,
				ABF5613F1DD9774100A5ED98 /* WXMainViewController.swift in Sources */,
				ABF5613E1DD9774100A5ED98 /* WXBaseViewController.swift in Sources */,
				ABF561411DD9774100A5ED98 /* WXDomeController.swift in Sources */,
				ABF5613C1DD9774100A5ED98 /* WXFriendsController.swift in Sources */,
				ABF561401DD9774100A5ED98 /* WXNavigationController.swift in Sources */,
				AB6434031DD86900006B1BE6 /* AppDelegate.swift in Sources */,
				ABF561421DD9774100A5ED98 /* WXProfileController.swift in Sources */,
			);
			runOnlyForDeploymentPostprocessing = 0;
		};
/* End PBXSourcesBuildPhase section */

/* Begin XCBuildConfiguration section */
		AB64340F1DD86900006B1BE6 /* Debug */ = {
			isa = XCBuildConfiguration;
			buildSettings = {
				ALWAYS_SEARCH_USER_PATHS = NO;
				CLANG_ANALYZER_NONNULL = YES;
				CLANG_CXX_LANGUAGE_STANDARD = "gnu++0x";
				CLANG_CXX_LIBRARY = "libc++";
				CLANG_ENABLE_MODULES = YES;
				CLANG_ENABLE_OBJC_ARC = YES;
				CLANG_WARN_BOOL_CONVERSION = YES;
				CLANG_WARN_CONSTANT_CONVERSION = YES;
				CLANG_WARN_DIRECT_OBJC_ISA_USAGE = YES_ERROR;
				CLANG_WARN_DOCUMENTATION_COMMENTS = YES;
				CLANG_WARN_EMPTY_BODY = YES;
				CLANG_WARN_ENUM_CONVERSION = YES;
				CLANG_WARN_INFINITE_RECURSION = YES;
				CLANG_WARN_INT_CONVERSION = YES;
				CLANG_WARN_OBJC_ROOT_CLASS = YES_ERROR;
				CLANG_WARN_SUSPICIOUS_MOVES = YES;
				CLANG_WARN_UNREACHABLE_CODE = YES;
				CLANG_WARN__DUPLICATE_METHOD_MATCH = YES;
				"CODE_SIGN_IDENTITY[sdk=iphoneos*]" = "iPhone Developer";
				COPY_PHASE_STRIP = NO;
				DEBUG_INFORMATION_FORMAT = dwarf;
				ENABLE_STRICT_OBJC_MSGSEND = YES;
				ENABLE_TESTABILITY = YES;
				GCC_C_LANGUAGE_STANDARD = gnu99;
				GCC_DYNAMIC_NO_PIC = NO;
				GCC_NO_COMMON_BLOCKS = YES;
				GCC_OPTIMIZATION_LEVEL = 0;
				GCC_PREPROCESSOR_DEFINITIONS = (
					"DEBUG=1",
					"$(inherited)",
				);
				GCC_WARN_64_TO_32_BIT_CONVERSION = YES;
				GCC_WARN_ABOUT_RETURN_TYPE = YES_ERROR;
				GCC_WARN_UNDECLARED_SELECTOR = YES;
				GCC_WARN_UNINITIALIZED_AUTOS = YES_AGGRESSIVE;
				GCC_WARN_UNUSED_FUNCTION = YES;
				GCC_WARN_UNUSED_VARIABLE = YES;
				IPHONEOS_DEPLOYMENT_TARGET = 10.0;
				MTL_ENABLE_DEBUG_INFO = YES;
				ONLY_ACTIVE_ARCH = YES;
				SDKROOT = iphoneos;
				SWIFT_ACTIVE_COMPILATION_CONDITIONS = DEBUG;
				SWIFT_OPTIMIZATION_LEVEL = "-Onone";
				TARGETED_DEVICE_FAMILY = "1,2";
			};
			name = Debug;
		};
		AB6434101DD86900006B1BE6 /* Release */ = {
			isa = XCBuildConfiguration;
			buildSettings = {
				ALWAYS_SEARCH_USER_PATHS = NO;
				CLANG_ANALYZER_NONNULL = YES;
				CLANG_CXX_LANGUAGE_STANDARD = "gnu++0x";
				CLANG_CXX_LIBRARY = "libc++";
				CLANG_ENABLE_MODULES = YES;
				CLANG_ENABLE_OBJC_ARC = YES;
				CLANG_WARN_BOOL_CONVERSION = YES;
				CLANG_WARN_CONSTANT_CONVERSION = YES;
				CLANG_WARN_DIRECT_OBJC_ISA_USAGE = YES_ERROR;
				CLANG_WARN_DOCUMENTATION_COMMENTS = YES;
				CLANG_WARN_EMPTY_BODY = YES;
				CLANG_WARN_ENUM_CONVERSION = YES;
				CLANG_WARN_INFINITE_RECURSION = YES;
				CLANG_WARN_INT_CONVERSION = YES;
				CLANG_WARN_OBJC_ROOT_CLASS = YES_ERROR;
				CLANG_WARN_SUSPICIOUS_MOVES = YES;
				CLANG_WARN_UNREACHABLE_CODE = YES;
				CLANG_WARN__DUPLICATE_METHOD_MATCH = YES;
				"CODE_SIGN_IDENTITY[sdk=iphoneos*]" = "iPhone Developer";
				COPY_PHASE_STRIP = NO;
				DEBUG_INFORMATION_FORMAT = "dwarf-with-dsym";
				ENABLE_NS_ASSERTIONS = NO;
				ENABLE_STRICT_OBJC_MSGSEND = YES;
				GCC_C_LANGUAGE_STANDARD = gnu99;
				GCC_NO_COMMON_BLOCKS = YES;
				GCC_WARN_64_TO_32_BIT_CONVERSION = YES;
				GCC_WARN_ABOUT_RETURN_TYPE = YES_ERROR;
				GCC_WARN_UNDECLARED_SELECTOR = YES;
				GCC_WARN_UNINITIALIZED_AUTOS = YES_AGGRESSIVE;
				GCC_WARN_UNUSED_FUNCTION = YES;
				GCC_WARN_UNUSED_VARIABLE = YES;
				IPHONEOS_DEPLOYMENT_TARGET = 10.0;
				MTL_ENABLE_DEBUG_INFO = NO;
				SDKROOT = iphoneos;
				SWIFT_OPTIMIZATION_LEVEL = "-Owholemodule";
				TARGETED_DEVICE_FAMILY = "1,2";
				VALIDATE_PRODUCT = YES;
			};
			name = Release;
		};
		AB6434121DD86900006B1BE6 /* Debug */ = {
			isa = XCBuildConfiguration;
			buildSettings = {
				ASSETCATALOG_COMPILER_APPICON_NAME = AppIcon;
				ASSETCATALOG_COMPILER_LAUNCHIMAGE_NAME = LaunchImage;
				CODE_SIGN_IDENTITY = "iPhone Developer";
				"CODE_SIGN_IDENTITY[sdk=iphoneos*]" = "iPhone Developer";
				DEVELOPMENT_TEAM = D238R8TN8Z;
				INFOPLIST_FILE = "$(SRCROOT)/wechat/Supporting Files/Info.plist";
				IPHONEOS_DEPLOYMENT_TARGET = 8.0;
				LD_RUNPATH_SEARCH_PATHS = "$(inherited) @executable_path/Frameworks";
				PRODUCT_BUNDLE_IDENTIFIER = com.wechat;
				PRODUCT_NAME = "$(TARGET_NAME)";
				SWIFT_VERSION = 3.0;
			};
			name = Debug;
		};
		AB6434131DD86900006B1BE6 /* Release */ = {
			isa = XCBuildConfiguration;
			buildSettings = {
				ASSETCATALOG_COMPILER_APPICON_NAME = AppIcon;
				ASSETCATALOG_COMPILER_LAUNCHIMAGE_NAME = LaunchImage;
				CODE_SIGN_IDENTITY = "iPhone Developer";
				"CODE_SIGN_IDENTITY[sdk=iphoneos*]" = "iPhone Developer";
				DEVELOPMENT_TEAM = D238R8TN8Z;
				INFOPLIST_FILE = "$(SRCROOT)/wechat/Supporting Files/Info.plist";
				IPHONEOS_DEPLOYMENT_TARGET = 8.0;
				LD_RUNPATH_SEARCH_PATHS = "$(inherited) @executable_path/Frameworks";
				PRODUCT_BUNDLE_IDENTIFIER = com.wechat;
				PRODUCT_NAME = "$(TARGET_NAME)";
				SWIFT_VERSION = 3.0;
			};
			name = Release;
		};
/* End XCBuildConfiguration section */

/* Begin XCConfigurationList section */
		AB6433FA1DD86900006B1BE6 /* Build configuration list for PBXProject "wechat" */ = {
			isa = XCConfigurationList;
			buildConfigurations = (
				AB64340F1DD86900006B1BE6 /* Debug */,
				AB6434101DD86900006B1BE6 /* Release */,
			);
			defaultConfigurationIsVisible = 0;
			defaultConfigurationName = Release;
		};
		AB6434111DD86900006B1BE6 /* Build configuration list for PBXNativeTarget "wechat" */ = {
			isa = XCConfigurationList;
			buildConfigurations = (
				AB6434121DD86900006B1BE6 /* Debug */,
				AB6434131DD86900006B1BE6 /* Release */,
			);
			defaultConfigurationIsVisible = 0;
			defaultConfigurationName = Release;
		};
/* End XCConfigurationList section */
	};
	rootObject = AB6433F71DD86900006B1BE6 /* Project object */;
}
